PODS:
  - ASOXScrollTableViewCell (0.1.1)

DEPENDENCIES:
  - ASOXScrollTableViewCell (from `../ASOXScrollTableViewCell.podspec`)

EXTERNAL SOURCES:
  ASOXScrollTableViewCell:
    :path: ../ASOXScrollTableViewCell.podspec

SPEC CHECKSUMS:
  ASOXScrollTableViewCell: 020747663d2f73fe5c184ae705bfd44a6fb9ec2a

COCOAPODS: 0.38.0
